
Microsoft Visual Studio Solution File, Format Version 12.00
# Visual Studio 15
VisualStudioVersion = 15.0.27130.2010
MinimumVisualStudioVersion = 10.0.40219.1
Project("{2150E333-8FDC-42A3-9474-1A3956D46DE8}") = "dnSpyFiles", "dnSpyFiles", "{BCDFE47C-A4D8-4F5C-BCED-4AEBDC711E34}"
	ProjectSection(SolutionItems) = preProject
		dnSpyFiles\dnSpy.c = dnSpyFiles\dnSpy.c
		dnSpyFiles\dnSpy.h = dnSpyFiles\dnSpy.h
	EndProjectSection
EndProject
Project("{2150E333-8FDC-42A3-9474-1A3956D46DE8}") = "unity-2021.3.5f1-mbe", "unity-2021.3.5f1-mbe", "{1771E5C4-DEEE-4EAA-A92F-336CB4125296}"
EndProject
Project("{8BC9CEB8-8B4A-11D0-8D11-00A0C91BC942}") = "build-init", "unity-2021.3.5f1-mbe\msvc\build-init.vcxproj", "{472D3D4D-449D-4545-AC9F-94626D7E2A86}"
EndProject
Project("{8BC9CEB8-8B4A-11D0-8D11-00A0C91BC942}") = "eglib", "unity-2021.3.5f1-mbe\msvc\eglib.vcxproj", "{E7330FB8-7349-4E3F-A505-ED4C22EE8185}"
EndProject
Project("{8BC9CEB8-8B4A-11D0-8D11-00A0C91BC942}") = "genmdesc", "unity-2021.3.5f1-mbe\msvc\genmdesc.vcxproj", "{E42B0371-7924-488D-9403-1A8F02BCCF5A}"
EndProject
Project("{8BC9CEB8-8B4A-11D0-8D11-00A0C91BC942}") = "libgc", "unity-2021.3.5f1-mbe\msvc\libgc.vcxproj", "{6D75976A-49D1-4B64-BBE3-C4D49F5D4038}"
EndProject
Project("{8BC9CEB8-8B4A-11D0-8D11-00A0C91BC942}") = "libmono-dynamic", "unity-2021.3.5f1-mbe\msvc\libmono-dynamic.vcxproj", "{6AADD126-17E2-4420-9514-30BAEE2F0915}"
EndProject
Global
	GlobalSection(SolutionConfigurationPlatforms) = preSolution
		Debug_eglib|x64 = Debug_eglib|x64
		Debug_eglib|x86 = Debug_eglib|x86
		Debug|x64 = Debug|x64
		Debug|x86 = Debug|x86
		Release_eglib_xarm|x64 = Release_eglib_xarm|x64
		Release_eglib_xarm|x86 = Release_eglib_xarm|x86
		Release_eglib|x64 = Release_eglib|x64
		Release_eglib|x86 = Release_eglib|x86
		Release|x64 = Release|x64
		Release|x86 = Release|x86
	EndGlobalSection
	GlobalSection(ProjectConfigurationPlatforms) = postSolution
		{472D3D4D-449D-4545-AC9F-94626D7E2A86}.Debug|x64.ActiveCfg = Debug|x64
		{472D3D4D-449D-4545-AC9F-94626D7E2A86}.Debug|x64.Build.0 = Debug|x64
		{472D3D4D-449D-4545-AC9F-94626D7E2A86}.Debug|x86.ActiveCfg = Debug|Win32
		{472D3D4D-449D-4545-AC9F-94626D7E2A86}.Debug|x86.Build.0 = Debug|Win32
		{472D3D4D-449D-4545-AC9F-94626D7E2A86}.Release|x64.ActiveCfg = Release|x64
		{472D3D4D-449D-4545-AC9F-94626D7E2A86}.Release|x64.Build.0 = Release|x64
		{472D3D4D-449D-4545-AC9F-94626D7E2A86}.Release|x86.ActiveCfg = Release|Win32
		{472D3D4D-449D-4545-AC9F-94626D7E2A86}.Release|x86.Build.0 = Release|Win32
		{E7330FB8-7349-4E3F-A505-ED4C22EE8185}.Debug|x64.ActiveCfg = Debug|x64
		{E7330FB8-7349-4E3F-A505-ED4C22EE8185}.Debug|x64.Build.0 = Debug|x64
		{E7330FB8-7349-4E3F-A505-ED4C22EE8185}.Debug|x86.ActiveCfg = Debug|Win32
		{E7330FB8-7349-4E3F-A505-ED4C22EE8185}.Debug|x86.Build.0 = Debug|Win32
		{E7330FB8-7349-4E3F-A505-ED4C22EE8185}.Release|x64.ActiveCfg = Release|x64
		{E7330FB8-7349-4E3F-A505-ED4C22EE8185}.Release|x64.Build.0 = Release|x64
		{E7330FB8-7349-4E3F-A505-ED4C22EE8185}.Release|x86.ActiveCfg = Release|Win32
		{E7330FB8-7349-4E3F-A505-ED4C22EE8185}.Release|x86.Build.0 = Release|Win32
		{E42B0371-7924-488D-9403-1A8F02BCCF5A}.Debug|x64.ActiveCfg = Debug|x64
		{E42B0371-7924-488D-9403-1A8F02BCCF5A}.Debug|x64.Build.0 = Debug|x64
		{E42B0371-7924-488D-9403-1A8F02BCCF5A}.Debug|x86.ActiveCfg = Debug|Win32
		{E42B0371-7924-488D-9403-1A8F02BCCF5A}.Debug|x86.Build.0 = Debug|Win32
		{E42B0371-7924-488D-9403-1A8F02BCCF5A}.Release|x64.ActiveCfg = Release|x64
		{E42B0371-7924-488D-9403-1A8F02BCCF5A}.Release|x64.Build.0 = Release|x64
		{E42B0371-7924-488D-9403-1A8F02BCCF5A}.Release|x86.ActiveCfg = Release|Win32
		{E42B0371-7924-488D-9403-1A8F02BCCF5A}.Release|x86.Build.0 = Release|Win32
		{6D75976A-49D1-4B64-BBE3-C4D49F5D4038}.Debug|x64.ActiveCfg = Debug|x64
		{6D75976A-49D1-4B64-BBE3-C4D49F5D4038}.Debug|x64.Build.0 = Debug|x64
		{6D75976A-49D1-4B64-BBE3-C4D49F5D4038}.Debug|x86.ActiveCfg = Debug|Win32
		{6D75976A-49D1-4B64-BBE3-C4D49F5D4038}.Debug|x86.Build.0 = Debug|Win32
		{6D75976A-49D1-4B64-BBE3-C4D49F5D4038}.Release|x64.ActiveCfg = Release|x64
		{6D75976A-49D1-4B64-BBE3-C4D49F5D4038}.Release|x64.Build.0 = Release|x64
		{6D75976A-49D1-4B64-BBE3-C4D49F5D4038}.Release|x86.ActiveCfg = Release|Win32
		{6D75976A-49D1-4B64-BBE3-C4D49F5D4038}.Release|x86.Build.0 = Release|Win32
		{6AADD126-17E2-4420-9514-30BAEE2F0915}.Debug|x64.ActiveCfg = Debug|x64
		{6AADD126-17E2-4420-9514-30BAEE2F0915}.Debug|x64.Build.0 = Debug|x64
		{6AADD126-17E2-4420-9514-30BAEE2F0915}.Debug|x86.ActiveCfg = Debug|Win32
		{6AADD126-17E2-4420-9514-30BAEE2F0915}.Debug|x86.Build.0 = Debug|Win32
		{6AADD126-17E2-4420-9514-30BAEE2F0915}.Release|x64.ActiveCfg = Release|x64
		{6AADD126-17E2-4420-9514-30BAEE2F0915}.Release|x64.Build.0 = Release|x64
		{6AADD126-17E2-4420-9514-30BAEE2F0915}.Release|x86.ActiveCfg = Release|Win32
		{6AADD126-17E2-4420-9514-30BAEE2F0915}.Release|x86.Build.0 = Release|Win32
	EndGlobalSection
	GlobalSection(SolutionProperties) = preSolution
		HideSolutionNode = FALSE
	EndGlobalSection
	GlobalSection(NestedProjects) = preSolution
		{472D3D4D-449D-4545-AC9F-94626D7E2A86} = {1771E5C4-DEEE-4EAA-A92F-336CB4125296}
		{E7330FB8-7349-4E3F-A505-ED4C22EE8185} = {1771E5C4-DEEE-4EAA-A92F-336CB4125296}
		{E42B0371-7924-488D-9403-1A8F02BCCF5A} = {1771E5C4-DEEE-4EAA-A92F-336CB4125296}
		{6D75976A-49D1-4B64-BBE3-C4D49F5D4038} = {1771E5C4-DEEE-4EAA-A92F-336CB4125296}
		{6AADD126-17E2-4420-9514-30BAEE2F0915} = {1771E5C4-DEEE-4EAA-A92F-336CB4125296}
	EndGlobalSection
	GlobalSection(ExtensibilityGlobals) = postSolution
		SolutionGuid = {22843117-1412-4A93-878D-A66FC9DAC383}
	EndGlobalSection
EndGlobal
